// !$*UTF8*$!
{
	archiveVersion = 1;
	classes = {
	};
	objectVersion = 77;
	objects = {

/* Begin PBXBuildFile section */
		07111FF8FE83C53703458E84 /* PulseNotify in Frameworks */ = {isa = PBXBuildFile; productRef = F943D7428B8E9FEEB36EBF2D /* PulseNotify */; };
		14973349EAD7352B35A8E352 /* PulseSecurity in Frameworks */ = {isa = PBXBuildFile; productRef = 5C45371255ACEBC91BABAD68 /* PulseSecurity */; };
		30715E35AE1CB16E4DD27D99 /* Assets.xcassets in Resources */ = {isa = PBXBuildFile; fileRef = 84CBFB20F0C1DF2F4A245794 /* Assets.xcassets */; };
		31FEA4926F32D748BD5AA05D /* BiometricUnlockView.swift in Sources */ = {isa = PBXBuildFile; fileRef = C443498C745F70B0DC6E325D /* BiometricUnlockView.swift */; };
		343EBC855292567B582B3C6F /* PulseLedgerTests.swift in Sources */ = {isa = PBXBuildFile; fileRef = B02C063504B7EBBE6070EAA5 /* PulseLedgerTests.swift */; };
		4370C71423034061215443F0 /* PulseNetworking in Frameworks */ = {isa = PBXBuildFile; productRef = 84D6AA4C006D3465610721AA /* PulseNetworking */; };
		4DA6E24BA8F995E2181E4A2B /* PulseLedgerApp.swift in Sources */ = {isa = PBXBuildFile; fileRef = 9654E1B267364803C1ED0A02 /* PulseLedgerApp.swift */; };
		5FBD11948C02F101DB1DEEED /* PulseCore in Frameworks */ = {isa = PBXBuildFile; productRef = BDA2D4FEB46DBE9CAFF08565 /* PulseCore */; };
		6ADD6C8A0C3626FA7C6AFF3D /* PulseCore in Frameworks */ = {isa = PBXBuildFile; productRef = DD9CF547D37F4298E6A12EA6 /* PulseCore */; };
		7166FC466073861C882B5D4B /* PulseTransactions in Frameworks */ = {isa = PBXBuildFile; productRef = 0B9FAF9A848DBB7D76715925 /* PulseTransactions */; };
		724D5E4E6F02861F4EB4683D /* PulseSecurity in Frameworks */ = {isa = PBXBuildFile; productRef = E5CA09FB75A0B3B8D1492F2D /* PulseSecurity */; };
		82403E80D01D22FAE316D27F /* PulseAuth in Frameworks */ = {isa = PBXBuildFile; productRef = 82D063C5DC285DD3805B11B5 /* PulseAuth */; };
		A35213F7796DF41A1605A717 /* AppCoordinator.swift in Sources */ = {isa = PBXBuildFile; fileRef = 8AA6F8D7C8ED957AC796164F /* AppCoordinator.swift */; };
		AD374F35839DCA466476C1A4 /* PulseDesign in Frameworks */ = {isa = PBXBuildFile; productRef = 02E6D8295F9D00FFED69C61C /* PulseDesign */; };
		F65B803ED47ADB737971D621 /* mock_data.json in Resources */ = {isa = PBXBuildFile; fileRef = 9A0B3C446478C5DE9F402C07 /* mock_data.json */; };
		F68CDC29E7A6B22BDD86984F /* PulseBridge in Frameworks */ = {isa = PBXBuildFile; productRef = 28D1634C5301E964D68684E4 /* PulseBridge */; };
/* End PBXBuildFile section */

/* Begin PBXContainerItemProxy section */
		05C184C34956C43C2018E50A /* PBXContainerItemProxy */ = {
			isa = PBXContainerItemProxy;
			containerPortal = 3424E493AC545053C9410AFA /* Project object */;
			proxyType = 1;
			remoteGlobalIDString = 712A60F20FC7AA1FB3F6A923;
			remoteInfo = PulseLedger;
		};
/* End PBXContainerItemProxy section */

/* Begin PBXFileReference section */
		1CAC1B5ED6A60C2B30710E20 /* PulseLedger.app */ = {isa = PBXFileReference; includeInIndex = 0; lastKnownFileType = wrapper.application; path = PulseLedger.app; sourceTree = BUILT_PRODUCTS_DIR; };
		2BBB3C75BEAEC9AAD5EE4250 /* PulseBridge */ = {isa = PBXFileReference; lastKnownFileType = folder; name = PulseBridge; path = Packages/PulseBridge; sourceTree = SOURCE_ROOT; };
		5B028FD668F23EF3EEE85614 /* PulseLedgerTests.xctest */ = {isa = PBXFileReference; includeInIndex = 0; lastKnownFileType = wrapper.cfbundle; path = PulseLedgerTests.xctest; sourceTree = BUILT_PRODUCTS_DIR; };
		691424C0BAAFB1B6EBCE904E /* PulseTransactions */ = {isa = PBXFileReference; lastKnownFileType = folder; name = PulseTransactions; path = Packages/PulseTransactions; sourceTree = SOURCE_ROOT; };
		84CBFB20F0C1DF2F4A245794 /* Assets.xcassets */ = {isa = PBXFileReference; lastKnownFileType = folder.assetcatalog; path = Assets.xcassets; sourceTree = "<group>"; };
		8AA6F8D7C8ED957AC796164F /* AppCoordinator.swift */ = {isa = PBXFileReference; lastKnownFileType = sourcecode.swift; path = AppCoordinator.swift; sourceTree = "<group>"; };
		8D3DD67CB0E7AFE47AF2E0FA /* PulseNotify */ = {isa = PBXFileReference; lastKnownFileType = folder; name = PulseNotify; path = Packages/PulseNotify; sourceTree = SOURCE_ROOT; };
		9654E1B267364803C1ED0A02 /* PulseLedgerApp.swift */ = {isa = PBXFileReference; lastKnownFileType = sourcecode.swift; path = PulseLedgerApp.swift; sourceTree = "<group>"; };
		9A0B3C446478C5DE9F402C07 /* mock_data.json */ = {isa = PBXFileReference; lastKnownFileType = text.json; path = mock_data.json; sourceTree = "<group>"; };
		A474CCC6B89B27A962C2C5E6 /* PulseSecurity */ = {isa = PBXFileReference; lastKnownFileType = folder; name = PulseSecurity; path = Packages/PulseSecurity; sourceTree = SOURCE_ROOT; };
		AC08F986C3C55BC03AE78085 /* PulseDesign */ = {isa = PBXFileReference; lastKnownFileType = folder; name = PulseDesign; path = Packages/PulseDesign; sourceTree = SOURCE_ROOT; };
		B02C063504B7EBBE6070EAA5 /* PulseLedgerTests.swift */ = {isa = PBXFileReference; lastKnownFileType = sourcecode.swift; path = PulseLedgerTests.swift; sourceTree = "<group>"; };
		B73526A5182AD9042C20A46C /* PulseNetworking */ = {isa = PBXFileReference; lastKnownFileType = folder; name = PulseNetworking; path = Packages/PulseNetworking; sourceTree = SOURCE_ROOT; };
		C443498C745F70B0DC6E325D /* BiometricUnlockView.swift */ = {isa = PBXFileReference; lastKnownFileType = sourcecode.swift; path = BiometricUnlockView.swift; sourceTree = "<group>"; };
		C4991B81BBC35951F5036D30 /* PulseAuth */ = {isa = PBXFileReference; lastKnownFileType = folder; name = PulseAuth; path = Packages/PulseAuth; sourceTree = SOURCE_ROOT; };
		FF432B4016A1938232D7DBE2 /* PulseCore */ = {isa = PBXFileReference; lastKnownFileType = folder; name = PulseCore; path = Packages/PulseCore; sourceTree = SOURCE_ROOT; };
/* End PBXFileReference section */

/* Begin PBXFrameworksBuildPhase section */
		4985BDADA08913C82D847BF5 /* Frameworks */ = {
			isa = PBXFrameworksBuildPhase;
			buildActionMask = 2147483647;
			files = (
				6ADD6C8A0C3626FA7C6AFF3D /* PulseCore in Frameworks */,
				AD374F35839DCA466476C1A4 /* PulseDesign in Frameworks */,
				4370C71423034061215443F0 /* PulseNetworking in Frameworks */,
				14973349EAD7352B35A8E352 /* PulseSecurity in Frameworks */,
				07111FF8FE83C53703458E84 /* PulseNotify in Frameworks */,
				F68CDC29E7A6B22BDD86984F /* PulseBridge in Frameworks */,
				82403E80D01D22FAE316D27F /* PulseAuth in Frameworks */,
				7166FC466073861C882B5D4B /* PulseTransactions in Frameworks */,
			);
			runOnlyForDeploymentPostprocessing = 0;
		};
		BD6F1163C5EA72119E5FB83C /* Frameworks */ = {
			isa = PBXFrameworksBuildPhase;
			buildActionMask = 2147483647;
			files = (
				5FBD11948C02F101DB1DEEED /* PulseCore in Frameworks */,
				724D5E4E6F02861F4EB4683D /* PulseSecurity in Frameworks */,
			);
			runOnlyForDeploymentPostprocessing = 0;
		};
/* End PBXFrameworksBuildPhase section */

/* Begin PBXGroup section */
		4C4F91C5395F207680E2B412 /* App */ = {
			isa = PBXGroup;
			children = (
				8AA6F8D7C8ED957AC796164F /* AppCoordinator.swift */,
				C443498C745F70B0DC6E325D /* BiometricUnlockView.swift */,
			);
			path = App;
			sourceTree = "<group>";
		};
		571EA01AB63D597661799B11 = {
			isa = PBXGroup;
			children = (
				7DA3BC7EEA4820FA3C7A7250 /* Packages */,
				F8D57D8E4E8941E2C552574D /* PulseLedger */,
				E88E14478B868A62879B93BA /* PulseLedgerTests */,
				915ED6A5B248E3DCF247C784 /* Products */,
			);
			sourceTree = "<group>";
		};
		7DA3BC7EEA4820FA3C7A7250 /* Packages */ = {
			isa = PBXGroup;
			children = (
				C4991B81BBC35951F5036D30 /* PulseAuth */,
				2BBB3C75BEAEC9AAD5EE4250 /* PulseBridge */,
				FF432B4016A1938232D7DBE2 /* PulseCore */,
				AC08F986C3C55BC03AE78085 /* PulseDesign */,
				B73526A5182AD9042C20A46C /* PulseNetworking */,
				8D3DD67CB0E7AFE47AF2E0FA /* PulseNotify */,
				A474CCC6B89B27A962C2C5E6 /* PulseSecurity */,
				691424C0BAAFB1B6EBCE904E /* PulseTransactions */,
			);
			path = Packages;
			sourceTree = "<group>";
		};
		915ED6A5B248E3DCF247C784 /* Products */ = {
			isa = PBXGroup;
			children = (
				1CAC1B5ED6A60C2B30710E20 /* PulseLedger.app */,
				5B028FD668F23EF3EEE85614 /* PulseLedgerTests.xctest */,
			);
			name = Products;
			sourceTree = "<group>";
		};
		CD5F11E0C15229C1144382F3 /* Resources */ = {
			isa = PBXGroup;
			children = (
				9A0B3C446478C5DE9F402C07 /* mock_data.json */,
			);
			path = Resources;
			sourceTree = "<group>";
		};
		E88E14478B868A62879B93BA /* PulseLedgerTests */ = {
			isa = PBXGroup;
			children = (
				B02C063504B7EBBE6070EAA5 /* PulseLedgerTests.swift */,
			);
			path = PulseLedgerTests;
			sourceTree = "<group>";
		};
		F8D57D8E4E8941E2C552574D /* PulseLedger */ = {
			isa = PBXGroup;
			children = (
				84CBFB20F0C1DF2F4A245794 /* Assets.xcassets */,
				9654E1B267364803C1ED0A02 /* PulseLedgerApp.swift */,
				4C4F91C5395F207680E2B412 /* App */,
				CD5F11E0C15229C1144382F3 /* Resources */,
			);
			path = PulseLedger;
			sourceTree = "<group>";
		};
/* End PBXGroup section */

/* Begin PBXNativeTarget section */
		712A60F20FC7AA1FB3F6A923 /* PulseLedger */ = {
			isa = PBXNativeTarget;
			buildConfigurationList = FCEE1709AE82D03424DF18E6 /* Build configuration list for PBXNativeTarget "PulseLedger" */;
			buildPhases = (
				923C7512A84813729E49E9EC /* Sources */,
				F6F64A149052485203E2781C /* Resources */,
				4985BDADA08913C82D847BF5 /* Frameworks */,
			);
			buildRules = (
			);
			dependencies = (
			);
			name = PulseLedger;
			packageProductDependencies = (
				DD9CF547D37F4298E6A12EA6 /* PulseCore */,
				02E6D8295F9D00FFED69C61C /* PulseDesign */,
				84D6AA4C006D3465610721AA /* PulseNetworking */,
				5C45371255ACEBC91BABAD68 /* PulseSecurity */,
				F943D7428B8E9FEEB36EBF2D /* PulseNotify */,
				28D1634C5301E964D68684E4 /* PulseBridge */,
				82D063C5DC285DD3805B11B5 /* PulseAuth */,
				0B9FAF9A848DBB7D76715925 /* PulseTransactions */,
			);
			productName = PulseLedger;
			productReference = 1CAC1B5ED6A60C2B30710E20 /* PulseLedger.app */;
			productType = "com.apple.product-type.application";
		};
		7D359F1F0A397CB05C8AB8AD /* PulseLedgerTests */ = {
			isa = PBXNativeTarget;
			buildConfigurationList = 35F01CD81B76F527D8EB5AAA /* Build configuration list for PBXNativeTarget "PulseLedgerTests" */;
			buildPhases = (
				8563CBA23B45E4EA7BB5F132 /* Sources */,
				BD6F1163C5EA72119E5FB83C /* Frameworks */,
			);
			buildRules = (
			);
			dependencies = (
				91580BDE7BE27859FD207A0B /* PBXTargetDependency */,
			);
			name = PulseLedgerTests;
			packageProductDependencies = (
				BDA2D4FEB46DBE9CAFF08565 /* PulseCore */,
				E5CA09FB75A0B3B8D1492F2D /* PulseSecurity */,
			);
			productName = PulseLedgerTests;
			productReference = 5B028FD668F23EF3EEE85614 /* PulseLedgerTests.xctest */;
			productType = "com.apple.product-type.bundle.unit-test";
		};
/* End PBXNativeTarget section */

/* Begin PBXProject section */
		3424E493AC545053C9410AFA /* Project object */ = {
			isa = PBXProject;
			attributes = {
				BuildIndependentTargetsInParallel = YES;
				LastUpgradeCheck = 1430;
				TargetAttributes = {
					712A60F20FC7AA1FB3F6A923 = {
						DevelopmentTeam = "";
						ProvisioningStyle = Automatic;
					};
					7D359F1F0A397CB05C8AB8AD = {
						DevelopmentTeam = "";
						ProvisioningStyle = Automatic;
					};
				};
			};
			buildConfigurationList = 23B92FD4C72DF7B23B80FE8C /* Build configuration list for PBXProject "PulseLedger" */;
			developmentRegion = en;
			hasScannedForEncodings = 0;
			knownRegions = (
				Base,
				en,
			);
			mainGroup = 571EA01AB63D597661799B11;
			minimizedProjectReferenceProxies = 1;
			packageReferences = (
				A811AA3A1BE28BD89D394E5C /* XCRemoteSwiftPackageReference "lottie-ios" */,
				12EC86929F08082FA0724933 /* XCLocalSwiftPackageReference "Packages/PulseAuth" */,
				9886C034BC02C233807E9386 /* XCLocalSwiftPackageReference "Packages/PulseBridge" */,
				FB2CFAF36767DE43C5C020C5 /* XCLocalSwiftPackageReference "Packages/PulseCore" */,
				561B6724A485CBD31872084F /* XCLocalSwiftPackageReference "Packages/PulseDesign" */,
				3AFBD7D1BE2A05443DC3DFE9 /* XCLocalSwiftPackageReference "Packages/PulseNetworking" */,
				B9254DCC69156459B3FBAEAC /* XCLocalSwiftPackageReference "Packages/PulseNotify" */,
				167939E17FCF393D59134381 /* XCLocalSwiftPackageReference "Packages/PulseSecurity" */,
				D70E24212AB8EB8B05DFA209 /* XCLocalSwiftPackageReference "Packages/PulseTransactions" */,
			);
			preferredProjectObjectVersion = 77;
			productRefGroup = 915ED6A5B248E3DCF247C784 /* Products */;
			projectDirPath = "";
			projectRoot = "";
			targets = (
				712A60F20FC7AA1FB3F6A923 /* PulseLedger */,
				7D359F1F0A397CB05C8AB8AD /* PulseLedgerTests */,
			);
		};
/* End PBXProject section */

/* Begin PBXResourcesBuildPhase section */
		F6F64A149052485203E2781C /* Resources */ = {
			isa = PBXResourcesBuildPhase;
			buildActionMask = 2147483647;
			files = (
				30715E35AE1CB16E4DD27D99 /* Assets.xcassets in Resources */,
				F65B803ED47ADB737971D621 /* mock_data.json in Resources */,
			);
			runOnlyForDeploymentPostprocessing = 0;
		};
/* End PBXResourcesBuildPhase section */

/* Begin PBXSourcesBuildPhase section */
		8563CBA23B45E4EA7BB5F132 /* Sources */ = {
			isa = PBXSourcesBuildPhase;
			buildActionMask = 2147483647;
			files = (
				343EBC855292567B582B3C6F /* PulseLedgerTests.swift in Sources */,
			);
			runOnlyForDeploymentPostprocessing = 0;
		};
		923C7512A84813729E49E9EC /* Sources */ = {
			isa = PBXSourcesBuildPhase;
			buildActionMask = 2147483647;
			files = (
				A35213F7796DF41A1605A717 /* AppCoordinator.swift in Sources */,
				31FEA4926F32D748BD5AA05D /* BiometricUnlockView.swift in Sources */,
				4DA6E24BA8F995E2181E4A2B /* PulseLedgerApp.swift in Sources */,
			);
			runOnlyForDeploymentPostprocessing = 0;
		};
/* End PBXSourcesBuildPhase section */

/* Begin PBXTargetDependency section */
		91580BDE7BE27859FD207A0B /* PBXTargetDependency */ = {
			isa = PBXTargetDependency;
			target = 712A60F20FC7AA1FB3F6A923 /* PulseLedger */;
			targetProxy = 05C184C34956C43C2018E50A /* PBXContainerItemProxy */;
		};
/* End PBXTargetDependency section */

/* Begin XCBuildConfiguration section */
		2397C483648EF17359A9A58A /* Debug */ = {
			isa = XCBuildConfiguration;
			buildSettings = {
				ASSETCATALOG_COMPILER_APPICON_NAME = AppIcon;
				CODE_SIGN_IDENTITY = "iPhone Developer";
				GENERATE_INFOPLIST_FILE = YES;
				INFOPLIST_KEY_NSFaceIDUsageDescription = "PulseLedger uses Face ID to unlock your dashboard.";
				INFOPLIST_KEY_UIApplicationSceneManifest_Generation = YES;
				INFOPLIST_KEY_UILaunchScreen_Generation = YES;
				LD_RUNPATH_SEARCH_PATHS = (
					"$(inherited)",
					"@executable_path/Frameworks",
				);
				PRODUCT_BUNDLE_IDENTIFIER = com.deepak.portfolio.pulseledger;
				SDKROOT = iphoneos;
				TARGETED_DEVICE_FAMILY = "1,2";
			};
			name = Debug;
		};
		26DB5C139666B3C2ABAD7838 /* Release */ = {
			isa = XCBuildConfiguration;
			buildSettings = {
				ALWAYS_SEARCH_USER_PATHS = NO;
				CLANG_ANALYZER_NONNULL = YES;
				CLANG_ANALYZER_NUMBER_OBJECT_CONVERSION = YES_AGGRESSIVE;
				CLANG_CXX_LANGUAGE_STANDARD = "gnu++14";
				CLANG_CXX_LIBRARY = "libc++";
				CLANG_ENABLE_MODULES = YES;
				CLANG_ENABLE_OBJC_ARC = YES;
				CLANG_ENABLE_OBJC_WEAK = YES;
				CLANG_WARN_BLOCK_CAPTURE_AUTORELEASING = YES;
				CLANG_WARN_BOOL_CONVERSION = YES;
				CLANG_WARN_COMMA = YES;
				CLANG_WARN_CONSTANT_CONVERSION = YES;
				CLANG_WARN_DEPRECATED_OBJC_IMPLEMENTATIONS = YES;
				CLANG_WARN_DIRECT_OBJC_ISA_USAGE = YES_ERROR;
				CLANG_WARN_DOCUMENTATION_COMMENTS = YES;
				CLANG_WARN_EMPTY_BODY = YES;
				CLANG_WARN_ENUM_CONVERSION = YES;
				CLANG_WARN_INFINITE_RECURSION = YES;
				CLANG_WARN_INT_CONVERSION = YES;
				CLANG_WARN_NON_LITERAL_NULL_CONVERSION = YES;
				CLANG_WARN_OBJC_IMPLICIT_RETAIN_SELF = YES;
				CLANG_WARN_OBJC_LITERAL_CONVERSION = YES;
				CLANG_WARN_OBJC_ROOT_CLASS = YES_ERROR;
				CLANG_WARN_QUOTED_INCLUDE_IN_FRAMEWORK_HEADER = YES;
				CLANG_WARN_RANGE_LOOP_ANALYSIS = YES;
				CLANG_WARN_STRICT_PROTOTYPES = YES;
				CLANG_WARN_SUSPICIOUS_MOVE = YES;
				CLANG_WARN_UNGUARDED_AVAILABILITY = YES_AGGRESSIVE;
				CLANG_WARN_UNREACHABLE_CODE = YES;
				CLANG_WARN__DUPLICATE_METHOD_MATCH = YES;
				CODE_SIGN_STYLE = Automatic;
				COPY_PHASE_STRIP = NO;
				DEBUG_INFORMATION_FORMAT = "dwarf-with-dsym";
				DEVELOPMENT_TEAM = "";
				ENABLE_NS_ASSERTIONS = NO;
				ENABLE_STRICT_OBJC_MSGSEND = YES;
				GCC_C_LANGUAGE_STANDARD = gnu11;
				GCC_NO_COMMON_BLOCKS = YES;
				GCC_WARN_64_TO_32_BIT_CONVERSION = YES;
				GCC_WARN_ABOUT_RETURN_TYPE = YES_ERROR;
				GCC_WARN_UNDECLARED_SELECTOR = YES;
				GCC_WARN_UNINITIALIZED_AUTOS = YES_AGGRESSIVE;
				GCC_WARN_UNUSED_FUNCTION = YES;
				GCC_WARN_UNUSED_VARIABLE = YES;
				IPHONEOS_DEPLOYMENT_TARGET = 17.0;
				MTL_ENABLE_DEBUG_INFO = NO;
				MTL_FAST_MATH = YES;
				PRODUCT_NAME = "$(TARGET_NAME)";
				SDKROOT = iphoneos;
				SWIFT_COMPILATION_MODE = wholemodule;
				SWIFT_OPTIMIZATION_LEVEL = "-O";
				SWIFT_VERSION = 5.0;
			};
			name = Release;
		};
		601694CF3929794A6D6DABF2 /* Release */ = {
			isa = XCBuildConfiguration;
			buildSettings = {
				ASSETCATALOG_COMPILER_APPICON_NAME = AppIcon;
				CODE_SIGN_IDENTITY = "iPhone Developer";
				GENERATE_INFOPLIST_FILE = YES;
				INFOPLIST_KEY_NSFaceIDUsageDescription = "PulseLedger uses Face ID to unlock your dashboard.";
				INFOPLIST_KEY_UIApplicationSceneManifest_Generation = YES;
				INFOPLIST_KEY_UILaunchScreen_Generation = YES;
				LD_RUNPATH_SEARCH_PATHS = (
					"$(inherited)",
					"@executable_path/Frameworks",
				);
				PRODUCT_BUNDLE_IDENTIFIER = com.deepak.portfolio.pulseledger;
				SDKROOT = iphoneos;
				TARGETED_DEVICE_FAMILY = "1,2";
			};
			name = Release;
		};
		900B8955FE0697DEF623079F /* Release */ = {
			isa = XCBuildConfiguration;
			buildSettings = {
				BUNDLE_LOADER = "$(TEST_HOST)";
				GENERATE_INFOPLIST_FILE = YES;
				LD_RUNPATH_SEARCH_PATHS = (
					"$(inherited)",
					"@executable_path/Frameworks",
					"@loader_path/Frameworks",
				);
				PRODUCT_BUNDLE_IDENTIFIER = com.deepak.portfolio.PulseLedgerTests;
				SDKROOT = iphoneos;
				TARGETED_DEVICE_FAMILY = "1,2";
				TEST_HOST = "$(BUILT_PRODUCTS_DIR)/PulseLedger.app/PulseLedger";
			};
			name = Release;
		};
		A6BC14CB8A373DC7FF270637 /* Debug */ = {
			isa = XCBuildConfiguration;
			buildSettings = {
				ALWAYS_SEARCH_USER_PATHS = NO;
				CLANG_ANALYZER_NONNULL = YES;
				CLANG_ANALYZER_NUMBER_OBJECT_CONVERSION = YES_AGGRESSIVE;
				CLANG_CXX_LANGUAGE_STANDARD = "gnu++14";
				CLANG_CXX_LIBRARY = "libc++";
				CLANG_ENABLE_MODULES = YES;
				CLANG_ENABLE_OBJC_ARC = YES;
				CLANG_ENABLE_OBJC_WEAK = YES;
				CLANG_WARN_BLOCK_CAPTURE_AUTORELEASING = YES;
				CLANG_WARN_BOOL_CONVERSION = YES;
				CLANG_WARN_COMMA = YES;
				CLANG_WARN_CONSTANT_CONVERSION = YES;
				CLANG_WARN_DEPRECATED_OBJC_IMPLEMENTATIONS = YES;
				CLANG_WARN_DIRECT_OBJC_ISA_USAGE = YES_ERROR;
				CLANG_WARN_DOCUMENTATION_COMMENTS = YES;
				CLANG_WARN_EMPTY_BODY = YES;
				CLANG_WARN_ENUM_CONVERSION = YES;
				CLANG_WARN_INFINITE_RECURSION = YES;
				CLANG_WARN_INT_CONVERSION = YES;
				CLANG_WARN_NON_LITERAL_NULL_CONVERSION = YES;
				CLANG_WARN_OBJC_IMPLICIT_RETAIN_SELF = YES;
				CLANG_WARN_OBJC_LITERAL_CONVERSION = YES;
				CLANG_WARN_OBJC_ROOT_CLASS = YES_ERROR;
				CLANG_WARN_QUOTED_INCLUDE_IN_FRAMEWORK_HEADER = YES;
				CLANG_WARN_RANGE_LOOP_ANALYSIS = YES;
				CLANG_WARN_STRICT_PROTOTYPES = YES;
				CLANG_WARN_SUSPICIOUS_MOVE = YES;
				CLANG_WARN_UNGUARDED_AVAILABILITY = YES_AGGRESSIVE;
				CLANG_WARN_UNREACHABLE_CODE = YES;
				CLANG_WARN__DUPLICATE_METHOD_MATCH = YES;
				CODE_SIGN_STYLE = Automatic;
				COPY_PHASE_STRIP = NO;
				DEBUG_INFORMATION_FORMAT = dwarf;
				DEVELOPMENT_TEAM = "";
				ENABLE_STRICT_OBJC_MSGSEND = YES;
				ENABLE_TESTABILITY = YES;
				GCC_C_LANGUAGE_STANDARD = gnu11;
				GCC_DYNAMIC_NO_PIC = NO;
				GCC_NO_COMMON_BLOCKS = YES;
				GCC_OPTIMIZATION_LEVEL = 0;
				GCC_PREPROCESSOR_DEFINITIONS = (
					"$(inherited)",
					"DEBUG=1",
				);
				GCC_WARN_64_TO_32_BIT_CONVERSION = YES;
				GCC_WARN_ABOUT_RETURN_TYPE = YES_ERROR;
				GCC_WARN_UNDECLARED_SELECTOR = YES;
				GCC_WARN_UNINITIALIZED_AUTOS = YES_AGGRESSIVE;
				GCC_WARN_UNUSED_FUNCTION = YES;
				GCC_WARN_UNUSED_VARIABLE = YES;
				IPHONEOS_DEPLOYMENT_TARGET = 17.0;
				MTL_ENABLE_DEBUG_INFO = INCLUDE_SOURCE;
				MTL_FAST_MATH = YES;
				ONLY_ACTIVE_ARCH = YES;
				PRODUCT_NAME = "$(TARGET_NAME)";
				SDKROOT = iphoneos;
				SWIFT_ACTIVE_COMPILATION_CONDITIONS = DEBUG;
				SWIFT_OPTIMIZATION_LEVEL = "-Onone";
				SWIFT_VERSION = 5.0;
			};
			name = Debug;
		};
		F06D4AA570818F87B549D056 /* Debug */ = {
			isa = XCBuildConfiguration;
			buildSettings = {
				BUNDLE_LOADER = "$(TEST_HOST)";
				GENERATE_INFOPLIST_FILE = YES;
				LD_RUNPATH_SEARCH_PATHS = (
					"$(inherited)",
					"@executable_path/Frameworks",
					"@loader_path/Frameworks",
				);
				PRODUCT_BUNDLE_IDENTIFIER = com.deepak.portfolio.PulseLedgerTests;
				SDKROOT = iphoneos;
				TARGETED_DEVICE_FAMILY = "1,2";
				TEST_HOST = "$(BUILT_PRODUCTS_DIR)/PulseLedger.app/PulseLedger";
			};
			name = Debug;
		};
/* End XCBuildConfiguration section */

/* Begin XCConfigurationList section */
		23B92FD4C72DF7B23B80FE8C /* Build configuration list for PBXProject "PulseLedger" */ = {
			isa = XCConfigurationList;
			buildConfigurations = (
				A6BC14CB8A373DC7FF270637 /* Debug */,
				26DB5C139666B3C2ABAD7838 /* Release */,
			);
			defaultConfigurationIsVisible = 0;
			defaultConfigurationName = Debug;
		};
		35F01CD81B76F527D8EB5AAA /* Build configuration list for PBXNativeTarget "PulseLedgerTests" */ = {
			isa = XCConfigurationList;
			buildConfigurations = (
				F06D4AA570818F87B549D056 /* Debug */,
				900B8955FE0697DEF623079F /* Release */,
			);
			defaultConfigurationIsVisible = 0;
			defaultConfigurationName = Debug;
		};
		FCEE1709AE82D03424DF18E6 /* Build configuration list for PBXNativeTarget "PulseLedger" */ = {
			isa = XCConfigurationList;
			buildConfigurations = (
				2397C483648EF17359A9A58A /* Debug */,
				601694CF3929794A6D6DABF2 /* Release */,
			);
			defaultConfigurationIsVisible = 0;
			defaultConfigurationName = Debug;
		};
/* End XCConfigurationList section */

/* Begin XCLocalSwiftPackageReference section */
		12EC86929F08082FA0724933 /* XCLocalSwiftPackageReference "Packages/PulseAuth" */ = {
			isa = XCLocalSwiftPackageReference;
			relativePath = Packages/PulseAuth;
		};
		167939E17FCF393D59134381 /* XCLocalSwiftPackageReference "Packages/PulseSecurity" */ = {
			isa = XCLocalSwiftPackageReference;
			relativePath = Packages/PulseSecurity;
		};
		3AFBD7D1BE2A05443DC3DFE9 /* XCLocalSwiftPackageReference "Packages/PulseNetworking" */ = {
			isa = XCLocalSwiftPackageReference;
			relativePath = Packages/PulseNetworking;
		};
		561B6724A485CBD31872084F /* XCLocalSwiftPackageReference "Packages/PulseDesign" */ = {
			isa = XCLocalSwiftPackageReference;
			relativePath = Packages/PulseDesign;
		};
		9886C034BC02C233807E9386 /* XCLocalSwiftPackageReference "Packages/PulseBridge" */ = {
			isa = XCLocalSwiftPackageReference;
			relativePath = Packages/PulseBridge;
		};
		B9254DCC69156459B3FBAEAC /* XCLocalSwiftPackageReference "Packages/PulseNotify" */ = {
			isa = XCLocalSwiftPackageReference;
			relativePath = Packages/PulseNotify;
		};
		D70E24212AB8EB8B05DFA209 /* XCLocalSwiftPackageReference "Packages/PulseTransactions" */ = {
			isa = XCLocalSwiftPackageReference;
			relativePath = Packages/PulseTransactions;
		};
		FB2CFAF36767DE43C5C020C5 /* XCLocalSwiftPackageReference "Packages/PulseCore" */ = {
			isa = XCLocalSwiftPackageReference;
			relativePath = Packages/PulseCore;
		};
/* End XCLocalSwiftPackageReference section */

/* Begin XCRemoteSwiftPackageReference section */
		A811AA3A1BE28BD89D394E5C /* XCRemoteSwiftPackageReference "lottie-ios" */ = {
			isa = XCRemoteSwiftPackageReference;
			repositoryURL = "https://github.com/airbnb/lottie-ios";
			requirement = {
				kind = upToNextMajorVersion;
				minimumVersion = 4.5.0;
			};
		};
/* End XCRemoteSwiftPackageReference section */

/* Begin XCSwiftPackageProductDependency section */
		02E6D8295F9D00FFED69C61C /* PulseDesign */ = {
			isa = XCSwiftPackageProductDependency;
			productName = PulseDesign;
		};
		0B9FAF9A848DBB7D76715925 /* PulseTransactions */ = {
			isa = XCSwiftPackageProductDependency;
			productName = PulseTransactions;
		};
		28D1634C5301E964D68684E4 /* PulseBridge */ = {
			isa = XCSwiftPackageProductDependency;
			productName = PulseBridge;
		};
		5C45371255ACEBC91BABAD68 /* PulseSecurity */ = {
			isa = XCSwiftPackageProductDependency;
			productName = PulseSecurity;
		};
		82D063C5DC285DD3805B11B5 /* PulseAuth */ = {
			isa = XCSwiftPackageProductDependency;
			productName = PulseAuth;
		};
		84D6AA4C006D3465610721AA /* PulseNetworking */ = {
			isa = XCSwiftPackageProductDependency;
			productName = PulseNetworking;
		};
		BDA2D4FEB46DBE9CAFF08565 /* PulseCore */ = {
			isa = XCSwiftPackageProductDependency;
			productName = PulseCore;
		};
		DD9CF547D37F4298E6A12EA6 /* PulseCore */ = {
			isa = XCSwiftPackageProductDependency;
			productName = PulseCore;
		};
		E5CA09FB75A0B3B8D1492F2D /* PulseSecurity */ = {
			isa = XCSwiftPackageProductDependency;
			productName = PulseSecurity;
		};
		F943D7428B8E9FEEB36EBF2D /* PulseNotify */ = {
			isa = XCSwiftPackageProductDependency;
			productName = PulseNotify;
		};
/* End XCSwiftPackageProductDependency section */
	};
	rootObject = 3424E493AC545053C9410AFA /* Project object */;
}
